version: 6
environments:
  default:
    channels:
    - url: https://conda.anaconda.org/conda-forge/
    indexes:
    - https://pypi.org/simple
    packages:
      win-64:
      - conda: https://conda.anaconda.org/conda-forge/win-64/bzip2-1.0.8-h0ad9c76_8.conda
      - conda: https://conda.anaconda.org/conda-forge/noarch/ca-certificates-2025.11.12-h4c7d964_0.conda
      - conda: https://conda.anaconda.org/conda-forge/win-64/libexpat-2.7.3-hac47afa_0.conda
      - conda: https://conda.anaconda.org/conda-forge/win-64/libffi-3.5.2-h52bdfb6_0.conda
      - conda: https://conda.anaconda.org/conda-forge/win-64/liblzma-5.8.1-h2466b09_2.conda
      - conda: https://conda.anaconda.org/conda-forge/win-64/libsqlite-3.51.1-hf5d6505_0.conda
      - conda: https://conda.anaconda.org/conda-forge/win-64/libzlib-1.3.1-h2466b09_2.conda
      - conda: https://conda.anaconda.org/conda-forge/win-64/openssl-3.6.0-h725018a_0.conda
      - conda: https://conda.anaconda.org/conda-forge/win-64/python-3.10.19-hc20f281_2_cpython.conda
      - conda: https://conda.anaconda.org/conda-forge/win-64/tk-8.6.13-h2c6b04d_3.conda
      - conda: https://conda.anaconda.org/conda-forge/noarch/tzdata-2025b-h78e105d_0.conda
      - conda: https://conda.anaconda.org/conda-forge/win-64/ucrt-10.0.26100.0-h57928b3_0.conda
      - conda: https://conda.anaconda.org/conda-forge/win-64/vc-14.3-h2b53caa_32.conda
      - conda: https://conda.anaconda.org/conda-forge/win-64/vc14_runtime-14.44.35208-h818238b_32.conda
      - conda: https://conda.anaconda.org/conda-forge/win-64/vcomp14-14.44.35208-h818238b_32.conda
      - pypi: https://files.pythonhosted.org/packages/7f/9c/36c5c37947ebfb8c7f22e0eb6e4d188ee2d53aa3880f3f2744fb894f0cb1/anyio-4.12.0-py3-none-any.whl
      - pypi: https://files.pythonhosted.org/packages/70/7d/9bc192684cea499815ff478dfcdc13835ddf401365057044fb721ec6bddb/certifi-2025.11.12-py3-none-any.whl
      - pypi: https://files.pythonhosted.org/packages/98/78/01c019cdb5d6498122777c1a43056ebb3ebfeef2076d9d026bfe15583b2b/click-8.3.1-py3-none-any.whl
      - pypi: https://files.pythonhosted.org/packages/d1/d6/3965ed04c63042e047cb6a3e6ed1a63a35087b6a609aa3a15ed8ac56c221/colorama-0.4.6-py2.py3-none-any.whl
      - pypi: https://files.pythonhosted.org/packages/8a/0e/97c33bf5009bdbac74fd2beace167cab3f978feb69cc36f1ef79360d6c4e/exceptiongroup-1.3.1-py3-none-any.whl
      - pypi: https://files.pythonhosted.org/packages/76/91/7216b27286936c16f5b4d0c530087e4a54eead683e6b0b73dd0c64844af6/filelock-3.20.0-py3-none-any.whl
      - pypi: https://files.pythonhosted.org/packages/eb/02/a6b21098b1d5d6249b7c5ab69dde30108a71e4e819d4a9778f1de1d5b70d/fsspec-2025.10.0-py3-none-any.whl
      - pypi: https://files.pythonhosted.org/packages/ab/6e/81d47999aebc1b155f81eca4477a616a70f238a2549848c38983f3c22a82/ftfy-6.3.1-py3-none-any.whl
      - pypi: https://files.pythonhosted.org/packages/04/4b/29cac41a4d98d144bf5f6d33995617b185d14b22401f75ca86f384e87ff1/h11-0.16.0-py3-none-any.whl
      - pypi: https://files.pythonhosted.org/packages/cb/44/870d44b30e1dcfb6a65932e3e1506c103a8a5aea9103c337e7a53180322c/hf_xet-1.2.0-cp37-abi3-win_amd64.whl
      - pypi: https://files.pythonhosted.org/packages/7e/f5/f66802a942d491edb555dd61e3a9961140fd64c90bce1eafd741609d334d/httpcore-1.0.9-py3-none-any.whl
      - pypi: https://files.pythonhosted.org/packages/2a/39/e50c7c3a983047577ee07d2a9e53faf5a69493943ec3f6a384bdc792deb2/httpx-0.28.1-py3-none-any.whl
      - pypi: https://files.pythonhosted.org/packages/c2/3c/168062db8c0068315ed3f137db450869eb14d98f00144234c118f294b461/huggingface_hub-1.1.6-py3-none-any.whl
      - pypi: https://files.pythonhosted.org/packages/0e/61/66938bbb5fc52dbdf84594873d5b51fb1f7c7794e9c0f5bd885f30bc507b/idna-3.11-py3-none-any.whl
      - pypi: https://files.pythonhosted.org/packages/62/a1/3d680cbfd5f4b8f15abc1d571870c5fc3e594bb582bc3b64ea099db13e56/jinja2-3.1.6-py3-none-any.whl
      - pypi: https://files.pythonhosted.org/packages/d6/25/55dc3ab959917602c96985cb1253efaa4ff42f71194bddeb61eb7278b8be/markupsafe-3.0.3-cp310-cp310-win_amd64.whl
      - pypi: https://files.pythonhosted.org/packages/43/e3/7d92a15f894aa0c9c4b49b8ee9ac9850d6e63b03c9c32c0367a13ae62209/mpmath-1.3.0-py3-none-any.whl
      - pypi: https://files.pythonhosted.org/packages/b9/54/dd730b32ea14ea797530a4479b2ed46a6fb250f682a9cfb997e968bf0261/networkx-3.4.2-py3-none-any.whl
      - pypi: https://files.pythonhosted.org/packages/a3/dd/4b822569d6b96c39d1215dbae0582fd99954dcbcf0c1a13c61783feaca3f/numpy-2.2.6-cp310-cp310-win_amd64.whl
      - pypi: https://files.pythonhosted.org/packages/94/91/397327cc1597fa317942cc15bef414175eee4b3c2263b34407c57f3521f9/open_clip_torch-3.2.0-py3-none-any.whl
      - pypi: https://files.pythonhosted.org/packages/20/12/38679034af332785aac8774540895e234f4d07f7545804097de4b666afd8/packaging-25.0-py3-none-any.whl
      - pypi: https://files.pythonhosted.org/packages/92/c6/c2f2fc7e56301c21827e689bb8b0b465f1b52878b57471a070678c0c33cd/pillow-12.0.0-cp310-cp310-win_amd64.whl
      - pypi: https://files.pythonhosted.org/packages/2a/fa/926c003379b19fca39dd4634818b00dec6c62d87faf628d1394e137354d4/pyyaml-6.0.3-cp310-cp310-win_amd64.whl
      - pypi: https://files.pythonhosted.org/packages/34/9d/e9e8493a85f3b1ddc4a5014465f5c2b78c3ea1cbf238dcfde78956378041/regex-2025.11.3-cp310-cp310-win_amd64.whl
      - pypi: https://files.pythonhosted.org/packages/5d/e6/ec8471c8072382cb91233ba7267fd931219753bb43814cbc71757bfd4dab/safetensors-0.7.0-cp38-abi3-win_amd64.whl
      - pypi: https://files.pythonhosted.org/packages/e0/f9/0595336914c5619e5f28a1fb793285925a8cd4b432c9da0a987836c7f822/shellingham-1.5.4-py2.py3-none-any.whl
      - pypi: https://files.pythonhosted.org/packages/a2/09/77d55d46fd61b4a135c444fc97158ef34a095e5681d0a6c10b75bf356191/sympy-1.14.0-py3-none-any.whl
      - pypi: https://files.pythonhosted.org/packages/d6/14/fc04d491527b774ec7479897f5861959209de1480e4c4cd32ed098ff8bea/timm-1.0.22-py3-none-any.whl
      - pypi: https://files.pythonhosted.org/packages/67/95/a581e8a382596b69385a44bab2733f1273d45c842f5d4a504c0edc3133b6/torch-2.9.1-cp310-cp310-win_amd64.whl
      - pypi: https://files.pythonhosted.org/packages/d8/cf/0ff4007c09903199307da5f53a192ff5d62b45447069e9ef3a19bdc5ff12/torchvision-0.24.1-cp310-cp310-win_amd64.whl
      - pypi: https://files.pythonhosted.org/packages/d0/30/dc54f88dd4a2b5dc8a0279bdd7270e735851848b762aeb1c1184ed1f6b14/tqdm-4.67.1-py3-none-any.whl
      - pypi: https://files.pythonhosted.org/packages/5e/dd/5cbf31f402f1cc0ab087c94d4669cfa55bd1e818688b910631e131d74e75/typer_slim-0.20.0-py3-none-any.whl
      - pypi: https://files.pythonhosted.org/packages/18/67/36e9267722cc04a6b9f15c7f3441c2363321a3ea07da7ae0c0707beb2a9c/typing_extensions-4.15.0-py3-none-any.whl
      - pypi: https://files.pythonhosted.org/packages/af/b5/123f13c975e9f27ab9c0770f514345bd406d0e8d3b7a0723af9d43f710af/wcwidth-0.2.14-py2.py3-none-any.whl
      - pypi: C:/Users/LENOVO/OneDrive/Documents/DL_project/mobileclip
packages:
- pypi: https://files.pythonhosted.org/packages/7f/9c/36c5c37947ebfb8c7f22e0eb6e4d188ee2d53aa3880f3f2744fb894f0cb1/anyio-4.12.0-py3-none-any.whl
  name: anyio
  version: 4.12.0
  sha256: dad2376a628f98eeca4881fc56cd06affd18f659b17a747d3ff0307ced94b1bb
  requires_dist:
  - exceptiongroup>=1.0.2 ; python_full_version < '3.11'
  - idna>=2.8
  - typing-extensions>=4.5 ; python_full_version < '3.13'
  - trio>=0.32.0 ; python_full_version >= '3.10' and extra == 'trio'
  - trio>=0.31.0 ; python_full_version < '3.10' and extra == 'trio'
  requires_python: '>=3.9'
- conda: https://conda.anaconda.org/conda-forge/win-64/bzip2-1.0.8-h0ad9c76_8.conda
  sha256: d882712855624641f48aa9dc3f5feea2ed6b4e6004585d3616386a18186fe692
  md5: 1077e9333c41ff0be8edd1a5ec0ddace
  depends:
  - ucrt >=10.0.20348.0
  - vc >=14.3,<15
  - vc14_runtime >=14.44.35208
  license: bzip2-1.0.6
  license_family: BSD
  purls: []
  size: 55977
  timestamp: 1757437738856
- conda: https://conda.anaconda.org/conda-forge/noarch/ca-certificates-2025.11.12-h4c7d964_0.conda
  sha256: 686a13bd2d4024fc99a22c1e0e68a7356af3ed3304a8d3ff6bb56249ad4e82f0
  md5: f98fb7db808b94bc1ec5b0e62f9f1069
  depends:
  - __win
  license: ISC
  purls: []
  size: 152827
  timestamp: 1762967310929
- pypi: https://files.pythonhosted.org/packages/70/7d/9bc192684cea499815ff478dfcdc13835ddf401365057044fb721ec6bddb/certifi-2025.11.12-py3-none-any.whl
  name: certifi
  version: 2025.11.12
  sha256: 97de8790030bbd5c2d96b7ec782fc2f7820ef8dba6db909ccf95449f2d062d4b
  requires_python: '>=3.7'
- pypi: https://files.pythonhosted.org/packages/98/78/01c019cdb5d6498122777c1a43056ebb3ebfeef2076d9d026bfe15583b2b/click-8.3.1-py3-none-any.whl
  name: click
  version: 8.3.1
  sha256: 981153a64e25f12d547d3426c367a4857371575ee7ad18df2a6183ab0545b2a6
  requires_dist:
  - colorama ; sys_platform == 'win32'
  requires_python: '>=3.10'
- pypi: https://files.pythonhosted.org/packages/d1/d6/3965ed04c63042e047cb6a3e6ed1a63a35087b6a609aa3a15ed8ac56c221/colorama-0.4.6-py2.py3-none-any.whl
  name: colorama
  version: 0.4.6
  sha256: 4f1d9991f5acc0ca119f9d443620b77f9d6b33703e51011c16baf57afb285fc6
  requires_python: '>=2.7,!=3.0.*,!=3.1.*,!=3.2.*,!=3.3.*,!=3.4.*,!=3.5.*,!=3.6.*'
- pypi: https://files.pythonhosted.org/packages/8a/0e/97c33bf5009bdbac74fd2beace167cab3f978feb69cc36f1ef79360d6c4e/exceptiongroup-1.3.1-py3-none-any.whl
  name: exceptiongroup
  version: 1.3.1
  sha256: a7a39a3bd276781e98394987d3a5701d0c4edffb633bb7a5144577f82c773598
  requires_dist:
  - typing-extensions>=4.6.0 ; python_full_version < '3.13'
  - pytest>=6 ; extra == 'test'
  requires_python: '>=3.7'
- pypi: https://files.pythonhosted.org/packages/76/91/7216b27286936c16f5b4d0c530087e4a54eead683e6b0b73dd0c64844af6/filelock-3.20.0-py3-none-any.whl
  name: filelock
  version: 3.20.0
  sha256: 339b4732ffda5cd79b13f4e2711a31b0365ce445d95d243bb996273d072546a2
  requires_python: '>=3.10'
- pypi: https://files.pythonhosted.org/packages/eb/02/a6b21098b1d5d6249b7c5ab69dde30108a71e4e819d4a9778f1de1d5b70d/fsspec-2025.10.0-py3-none-any.whl
  name: fsspec
  version: 2025.10.0
  sha256: 7c7712353ae7d875407f97715f0e1ffcc21e33d5b24556cb1e090ae9409ec61d
  requires_dist:
  - adlfs ; extra == 'abfs'
  - adlfs ; extra == 'adl'
  - pyarrow>=1 ; extra == 'arrow'
  - dask ; extra == 'dask'
  - distributed ; extra == 'dask'
  - pre-commit ; extra == 'dev'
  - ruff>=0.5 ; extra == 'dev'
  - numpydoc ; extra == 'doc'
  - sphinx ; extra == 'doc'
  - sphinx-design ; extra == 'doc'
  - sphinx-rtd-theme ; extra == 'doc'
  - yarl ; extra == 'doc'
  - dropbox ; extra == 'dropbox'
  - dropboxdrivefs ; extra == 'dropbox'
  - requests ; extra == 'dropbox'
  - adlfs ; extra == 'full'
  - aiohttp!=4.0.0a0,!=4.0.0a1 ; extra == 'full'
  - dask ; extra == 'full'
  - distributed ; extra == 'full'
  - dropbox ; extra == 'full'
  - dropboxdrivefs ; extra == 'full'
  - fusepy ; extra == 'full'
  - gcsfs ; extra == 'full'
  - libarchive-c ; extra == 'full'
  - ocifs ; extra == 'full'
  - panel ; extra == 'full'
  - paramiko ; extra == 'full'
  - pyarrow>=1 ; extra == 'full'
  - pygit2 ; extra == 'full'
  - requests ; extra == 'full'
  - s3fs ; extra == 'full'
  - smbprotocol ; extra == 'full'
  - tqdm ; extra == 'full'
  - fusepy ; extra == 'fuse'
  - gcsfs ; extra == 'gcs'
  - pygit2 ; extra == 'git'
  - requests ; extra == 'github'
  - gcsfs ; extra == 'gs'
  - panel ; extra == 'gui'
  - pyarrow>=1 ; extra == 'hdfs'
  - aiohttp!=4.0.0a0,!=4.0.0a1 ; extra == 'http'
  - libarchive-c ; extra == 'libarchive'
  - ocifs ; extra == 'oci'
  - s3fs ; extra == 's3'
  - paramiko ; extra == 'sftp'
  - smbprotocol ; extra == 'smb'
  - paramiko ; extra == 'ssh'
  - aiohttp!=4.0.0a0,!=4.0.0a1 ; extra == 'test'
  - numpy ; extra == 'test'
  - pytest ; extra == 'test'
  - pytest-asyncio!=0.22.0 ; extra == 'test'
  - pytest-benchmark ; extra == 'test'
  - pytest-cov ; extra == 'test'
  - pytest-mock ; extra == 'test'
  - pytest-recording ; extra == 'test'
  - pytest-rerunfailures ; extra == 'test'
  - requests ; extra == 'test'
  - aiobotocore>=2.5.4,<3.0.0 ; extra == 'test-downstream'
  - dask[dataframe,test] ; extra == 'test-downstream'
  - moto[server]>4,<5 ; extra == 'test-downstream'
  - pytest-timeout ; extra == 'test-downstream'
  - xarray ; extra == 'test-downstream'
  - adlfs ; extra == 'test-full'
  - aiohttp!=4.0.0a0,!=4.0.0a1 ; extra == 'test-full'
  - cloudpickle ; extra == 'test-full'
  - dask ; extra == 'test-full'
  - distributed ; extra == 'test-full'
  - dropbox ; extra == 'test-full'
  - dropboxdrivefs ; extra == 'test-full'
  - fastparquet ; extra == 'test-full'
  - fusepy ; extra == 'test-full'
  - gcsfs ; extra == 'test-full'
  - jinja2 ; extra == 'test-full'
  - kerchunk ; extra == 'test-full'
  - libarchive-c ; extra == 'test-full'
  - lz4 ; extra == 'test-full'
  - notebook ; extra == 'test-full'
  - numpy ; extra == 'test-full'
  - ocifs ; extra == 'test-full'
  - pandas ; extra == 'test-full'
  - panel ; extra == 'test-full'
  - paramiko ; extra == 'test-full'
  - pyarrow ; extra == 'test-full'
  - pyarrow>=1 ; extra == 'test-full'
  - pyftpdlib ; extra == 'test-full'
  - pygit2 ; extra == 'test-full'
  - pytest ; extra == 'test-full'
  - pytest-asyncio!=0.22.0 ; extra == 'test-full'
  - pytest-benchmark ; extra == 'test-full'
  - pytest-cov ; extra == 'test-full'
  - pytest-mock ; extra == 'test-full'
  - pytest-recording ; extra == 'test-full'
  - pytest-rerunfailures ; extra == 'test-full'
  - python-snappy ; extra == 'test-full'
  - requests ; extra == 'test-full'
  - smbprotocol ; extra == 'test-full'
  - tqdm ; extra == 'test-full'
  - urllib3 ; extra == 'test-full'
  - zarr ; extra == 'test-full'
  - zstandard ; python_full_version < '3.14' and extra == 'test-full'
  - tqdm ; extra == 'tqdm'
  requires_python: '>=3.9'
- pypi: https://files.pythonhosted.org/packages/ab/6e/81d47999aebc1b155f81eca4477a616a70f238a2549848c38983f3c22a82/ftfy-6.3.1-py3-none-any.whl
  name: ftfy
  version: 6.3.1
  sha256: 7c70eb532015cd2f9adb53f101fb6c7945988d023a085d127d1573dc49dd0083
  requires_dist:
  - wcwidth
  requires_python: '>=3.9'
- pypi: https://files.pythonhosted.org/packages/04/4b/29cac41a4d98d144bf5f6d33995617b185d14b22401f75ca86f384e87ff1/h11-0.16.0-py3-none-any.whl
  name: h11
  version: 0.16.0
  sha256: 63cf8bbe7522de3bf65932fda1d9c2772064ffb3dae62d55932da54b31cb6c86
  requires_python: '>=3.8'
- pypi: https://files.pythonhosted.org/packages/cb/44/870d44b30e1dcfb6a65932e3e1506c103a8a5aea9103c337e7a53180322c/hf_xet-1.2.0-cp37-abi3-win_amd64.whl
  name: hf-xet
  version: 1.2.0
  sha256: e6584a52253f72c9f52f9e549d5895ca7a471608495c4ecaa6cc73dba2b24d69
  requires_dist:
  - pytest ; extra == 'tests'
  requires_python: '>=3.8'
- pypi: https://files.pythonhosted.org/packages/7e/f5/f66802a942d491edb555dd61e3a9961140fd64c90bce1eafd741609d334d/httpcore-1.0.9-py3-none-any.whl
  name: httpcore
  version: 1.0.9
  sha256: 2d400746a40668fc9dec9810239072b40b4484b640a8c38fd654a024c7a1bf55
  requires_dist:
  - certifi
  - h11>=0.16
  - anyio>=4.0,<5.0 ; extra == 'asyncio'
  - h2>=3,<5 ; extra == 'http2'
  - socksio==1.* ; extra == 'socks'
  - trio>=0.22.0,<1.0 ; extra == 'trio'
  requires_python: '>=3.8'
- pypi: https://files.pythonhosted.org/packages/2a/39/e50c7c3a983047577ee07d2a9e53faf5a69493943ec3f6a384bdc792deb2/httpx-0.28.1-py3-none-any.whl
  name: httpx
  version: 0.28.1
  sha256: d909fcccc110f8c7faf814ca82a9a4d816bc5a6dbfea25d6591d6985b8ba59ad
  requires_dist:
  - anyio
  - certifi
  - httpcore==1.*
  - idna
  - brotli ; platform_python_implementation == 'CPython' and extra == 'brotli'
  - brotlicffi ; platform_python_implementation != 'CPython' and extra == 'brotli'
  - click==8.* ; extra == 'cli'
  - pygments==2.* ; extra == 'cli'
  - rich>=10,<14 ; extra == 'cli'
  - h2>=3,<5 ; extra == 'http2'
  - socksio==1.* ; extra == 'socks'
  - zstandard>=0.18.0 ; extra == 'zstd'
  requires_python: '>=3.8'
- pypi: https://files.pythonhosted.org/packages/c2/3c/168062db8c0068315ed3f137db450869eb14d98f00144234c118f294b461/huggingface_hub-1.1.6-py3-none-any.whl
  name: huggingface-hub
  version: 1.1.6
  sha256: 09726c4fc4c0dc5d83568234daff1ccb815c39b310784359c9d8b5906f679de2
  requires_dist:
  - filelock
  - fsspec>=2023.5.0
  - hf-xet>=1.2.0,<2.0.0 ; platform_machine == 'AMD64' or platform_machine == 'aarch64' or platform_machine == 'amd64' or platform_machine == 'arm64' or platform_machine == 'x86_64'
  - httpx>=0.23.0,<1
  - packaging>=20.9
  - pyyaml>=5.1
  - shellingham
  - tqdm>=4.42.1
  - typer-slim
  - typing-extensions>=3.7.4.3
  - authlib>=1.3.2 ; extra == 'oauth'
  - fastapi ; extra == 'oauth'
  - httpx ; extra == 'oauth'
  - itsdangerous ; extra == 'oauth'
  - torch ; extra == 'torch'
  - safetensors[torch] ; extra == 'torch'
  - toml ; extra == 'fastai'
  - fastai>=2.4 ; extra == 'fastai'
  - fastcore>=1.3.27 ; extra == 'fastai'
  - hf-xet>=1.1.3,<2.0.0 ; extra == 'hf-xet'
  - mcp>=1.8.0 ; extra == 'mcp'
  - authlib>=1.3.2 ; extra == 'testing'
  - fastapi ; extra == 'testing'
  - httpx ; extra == 'testing'
  - itsdangerous ; extra == 'testing'
  - jedi ; extra == 'testing'
  - jinja2 ; extra == 'testing'
  - pytest>=8.4.2 ; extra == 'testing'
  - pytest-cov ; extra == 'testing'
  - pytest-env ; extra == 'testing'
  - pytest-xdist ; extra == 'testing'
  - pytest-vcr ; extra == 'testing'
  - pytest-asyncio ; extra == 'testing'
  - pytest-rerunfailures<16.0 ; extra == 'testing'
  - pytest-mock ; extra == 'testing'
  - urllib3<2.0 ; extra == 'testing'
  - soundfile ; extra == 'testing'
  - pillow ; extra == 'testing'
  - numpy ; extra == 'testing'
  - fastapi ; extra == 'testing'
  - typing-extensions>=4.8.0 ; extra == 'typing'
  - types-pyyaml ; extra == 'typing'
  - types-simplejson ; extra == 'typing'
  - types-toml ; extra == 'typing'
  - types-tqdm ; extra == 'typing'
  - types-urllib3 ; extra == 'typing'
  - ruff>=0.9.0 ; extra == 'quality'
  - mypy==1.15.0 ; extra == 'quality'
  - libcst>=1.4.0 ; extra == 'quality'
  - ty ; extra == 'quality'
  - authlib>=1.3.2 ; extra == 'all'
  - fastapi ; extra == 'all'
  - httpx ; extra == 'all'
  - itsdangerous ; extra == 'all'
  - jedi ; extra == 'all'
  - jinja2 ; extra == 'all'
  - pytest>=8.4.2 ; extra == 'all'
  - pytest-cov ; extra == 'all'
  - pytest-env ; extra == 'all'
  - pytest-xdist ; extra == 'all'
  - pytest-vcr ; extra == 'all'
  - pytest-asyncio ; extra == 'all'
  - pytest-rerunfailures<16.0 ; extra == 'all'
  - pytest-mock ; extra == 'all'
  - urllib3<2.0 ; extra == 'all'
  - soundfile ; extra == 'all'
  - pillow ; extra == 'all'
  - numpy ; extra == 'all'
  - fastapi ; extra == 'all'
  - ruff>=0.9.0 ; extra == 'all'
  - mypy==1.15.0 ; extra == 'all'
  - libcst>=1.4.0 ; extra == 'all'
  - ty ; extra == 'all'
  - typing-extensions>=4.8.0 ; extra == 'all'
  - types-pyyaml ; extra == 'all'
  - types-simplejson ; extra == 'all'
  - types-toml ; extra == 'all'
  - types-tqdm ; extra == 'all'
  - types-urllib3 ; extra == 'all'
  - authlib>=1.3.2 ; extra == 'dev'
  - fastapi ; extra == 'dev'
  - httpx ; extra == 'dev'
  - itsdangerous ; extra == 'dev'
  - jedi ; extra == 'dev'
  - jinja2 ; extra == 'dev'
  - pytest>=8.4.2 ; extra == 'dev'
  - pytest-cov ; extra == 'dev'
  - pytest-env ; extra == 'dev'
  - pytest-xdist ; extra == 'dev'
  - pytest-vcr ; extra == 'dev'
  - pytest-asyncio ; extra == 'dev'
  - pytest-rerunfailures<16.0 ; extra == 'dev'
  - pytest-mock ; extra == 'dev'
  - urllib3<2.0 ; extra == 'dev'
  - soundfile ; extra == 'dev'
  - pillow ; extra == 'dev'
  - numpy ; extra == 'dev'
  - fastapi ; extra == 'dev'
  - ruff>=0.9.0 ; extra == 'dev'
  - mypy==1.15.0 ; extra == 'dev'
  - libcst>=1.4.0 ; extra == 'dev'
  - ty ; extra == 'dev'
  - typing-extensions>=4.8.0 ; extra == 'dev'
  - types-pyyaml ; extra == 'dev'
  - types-simplejson ; extra == 'dev'
  - types-toml ; extra == 'dev'
  - types-tqdm ; extra == 'dev'
  - types-urllib3 ; extra == 'dev'
  requires_python: '>=3.9.0'
- pypi: https://files.pythonhosted.org/packages/0e/61/66938bbb5fc52dbdf84594873d5b51fb1f7c7794e9c0f5bd885f30bc507b/idna-3.11-py3-none-any.whl
  name: idna
  version: '3.11'
  sha256: 771a87f49d9defaf64091e6e6fe9c18d4833f140bd19464795bc32d966ca37ea
  requires_dist:
  - ruff>=0.6.2 ; extra == 'all'
  - mypy>=1.11.2 ; extra == 'all'
  - pytest>=8.3.2 ; extra == 'all'
  - flake8>=7.1.1 ; extra == 'all'
  requires_python: '>=3.8'
- pypi: https://files.pythonhosted.org/packages/62/a1/3d680cbfd5f4b8f15abc1d571870c5fc3e594bb582bc3b64ea099db13e56/jinja2-3.1.6-py3-none-any.whl
  name: jinja2
  version: 3.1.6
  sha256: 85ece4451f492d0c13c5dd7c13a64681a86afae63a5f347908daf103ce6d2f67
  requires_dist:
  - markupsafe>=2.0
  - babel>=2.7 ; extra == 'i18n'
  requires_python: '>=3.7'
- conda: https://conda.anaconda.org/conda-forge/win-64/libexpat-2.7.3-hac47afa_0.conda
  sha256: 844ab708594bdfbd7b35e1a67c379861bcd180d6efe57b654f482ae2f7f5c21e
  md5: 8c9e4f1a0e688eef2e95711178061a0f
  depends:
  - ucrt >=10.0.20348.0
  - vc >=14.3,<15
  - vc14_runtime >=14.44.35208
  constrains:
  - expat 2.7.3.*
  license: MIT
  license_family: MIT
  purls: []
  size: 70137
  timestamp: 1763550049107
- conda: https://conda.anaconda.org/conda-forge/win-64/libffi-3.5.2-h52bdfb6_0.conda
  sha256: ddff25aaa4f0aa535413f5d831b04073789522890a4d8626366e43ecde1534a3
  md5: ba4ad812d2afc22b9a34ce8327a0930f
  depends:
  - ucrt >=10.0.20348.0
  - vc >=14.3,<15
  - vc14_runtime >=14.44.35208
  license: MIT
  license_family: MIT
  purls: []
  size: 44866
  timestamp: 1760295760649
- conda: https://conda.anaconda.org/conda-forge/win-64/liblzma-5.8.1-h2466b09_2.conda
  sha256: 55764956eb9179b98de7cc0e55696f2eff8f7b83fc3ebff5e696ca358bca28cc
  md5: c15148b2e18da456f5108ccb5e411446
  depends:
  - ucrt >=10.0.20348.0
  - vc >=14.2,<15
  - vc14_runtime >=14.29.30139
  constrains:
  - xz 5.8.1.*
  license: 0BSD
  purls: []
  size: 104935
  timestamp: 1749230611612
- conda: https://conda.anaconda.org/conda-forge/win-64/libsqlite-3.51.1-hf5d6505_0.conda
  sha256: a976c8b455d9023b83878609bd68c3b035b9839d592bd6c7be7552c523773b62
  md5: f92bef2f8e523bb0eabe60099683617a
  depends:
  - ucrt >=10.0.20348.0
  - vc >=14.3,<15
  - vc14_runtime >=14.44.35208
  license: blessing
  purls: []
  size: 1291059
  timestamp: 1764359545703
- conda: https://conda.anaconda.org/conda-forge/win-64/libzlib-1.3.1-h2466b09_2.conda
  sha256: ba945c6493449bed0e6e29883c4943817f7c79cbff52b83360f7b341277c6402
  md5: 41fbfac52c601159df6c01f875de31b9
  depends:
  - ucrt >=10.0.20348.0
  - vc >=14.2,<15
  - vc14_runtime >=14.29.30139
  constrains:
  - zlib 1.3.1 *_2
  license: Zlib
  license_family: Other
  purls: []
  size: 55476
  timestamp: 1727963768015
- pypi: https://files.pythonhosted.org/packages/d6/25/55dc3ab959917602c96985cb1253efaa4ff42f71194bddeb61eb7278b8be/markupsafe-3.0.3-cp310-cp310-win_amd64.whl
  name: markupsafe
  version: 3.0.3
  sha256: c4ffb7ebf07cfe8931028e3e4c85f0357459a3f9f9490886198848f4fa002ec8
  requires_python: '>=3.9'
- pypi: C:/Users/LENOVO/OneDrive/Documents/DL_project/mobileclip
  name: mobileclip
  version: 0.1.0
  sha256: eafe4772e3ef438d31cda23e29dfb04ab96085e66c4a7e13856a72d154a5a078
  requires_dist:
  - open-clip-torch>=2.20.0
  - timm>=0.9.5
  - clip-benchmark>=1.4.0 ; extra == 'full'
  - datasets ; extra == 'full'
  - torch>=2.1.0 ; extra == 'full'
  - torchvision>=0.16.0 ; extra == 'full'
  requires_python: '>=3.8'
  editable: true
- pypi: https://files.pythonhosted.org/packages/43/e3/7d92a15f894aa0c9c4b49b8ee9ac9850d6e63b03c9c32c0367a13ae62209/mpmath-1.3.0-py3-none-any.whl
  name: mpmath
  version: 1.3.0
  sha256: a0b2b9fe80bbcd81a6647ff13108738cfb482d481d826cc0e02f5b35e5c88d2c
  requires_dist:
  - pytest>=4.6 ; extra == 'develop'
  - pycodestyle ; extra == 'develop'
  - pytest-cov ; extra == 'develop'
  - codecov ; extra == 'develop'
  - wheel ; extra == 'develop'
  - sphinx ; extra == 'docs'
  - gmpy2>=2.1.0a4 ; platform_python_implementation != 'PyPy' and extra == 'gmpy'
  - pytest>=4.6 ; extra == 'tests'
- pypi: https://files.pythonhosted.org/packages/b9/54/dd730b32ea14ea797530a4479b2ed46a6fb250f682a9cfb997e968bf0261/networkx-3.4.2-py3-none-any.whl
  name: networkx
  version: 3.4.2
  sha256: df5d4365b724cf81b8c6a7312509d0c22386097011ad1abe274afd5e9d3bbc5f
  requires_dist:
  - numpy>=1.24 ; extra == 'default'
  - scipy>=1.10,!=1.11.0,!=1.11.1 ; extra == 'default'
  - matplotlib>=3.7 ; extra == 'default'
  - pandas>=2.0 ; extra == 'default'
  - changelist==0.5 ; extra == 'developer'
  - pre-commit>=3.2 ; extra == 'developer'
  - mypy>=1.1 ; extra == 'developer'
  - rtoml ; extra == 'developer'
  - sphinx>=7.3 ; extra == 'doc'
  - pydata-sphinx-theme>=0.15 ; extra == 'doc'
  - sphinx-gallery>=0.16 ; extra == 'doc'
  - numpydoc>=1.8.0 ; extra == 'doc'
  - pillow>=9.4 ; extra == 'doc'
  - texext>=0.6.7 ; extra == 'doc'
  - myst-nb>=1.1 ; extra == 'doc'
  - intersphinx-registry ; extra == 'doc'
  - osmnx>=1.9 ; extra == 'example'
  - momepy>=0.7.2 ; extra == 'example'
  - contextily>=1.6 ; extra == 'example'
  - seaborn>=0.13 ; extra == 'example'
  - cairocffi>=1.7 ; extra == 'example'
  - igraph>=0.11 ; extra == 'example'
  - scikit-learn>=1.5 ; extra == 'example'
  - lxml>=4.6 ; extra == 'extra'
  - pygraphviz>=1.14 ; extra == 'extra'
  - pydot>=3.0.1 ; extra == 'extra'
  - sympy>=1.10 ; extra == 'extra'
  - pytest>=7.2 ; extra == 'test'
  - pytest-cov>=4.0 ; extra == 'test'
  requires_python: '>=3.10'
- pypi: https://files.pythonhosted.org/packages/a3/dd/4b822569d6b96c39d1215dbae0582fd99954dcbcf0c1a13c61783feaca3f/numpy-2.2.6-cp310-cp310-win_amd64.whl
  name: numpy
  version: 2.2.6
  sha256: f0fd6321b839904e15c46e0d257fdd101dd7f530fe03fd6359c1ea63738703f3
  requires_python: '>=3.10'
- pypi: https://files.pythonhosted.org/packages/94/91/397327cc1597fa317942cc15bef414175eee4b3c2263b34407c57f3521f9/open_clip_torch-3.2.0-py3-none-any.whl
  name: open-clip-torch
  version: 3.2.0
  sha256: e1f5b3ecbadb6d8ea64b1f887db23efee9739e7c0d0075a8a2a3cabae8fed8d1
  requires_dist:
  - torch>=2.0
  - torchvision
  - regex
  - ftfy
  - tqdm
  - huggingface-hub
  - safetensors
  - timm>=1.0.17
  - torch>=2.0 ; extra == 'training'
  - webdataset>=0.2.5,<=0.2.86 ; extra == 'training'
  - pandas ; extra == 'training'
  - transformers[sentencepiece] ; extra == 'training'
  - timm>=1.0.17 ; extra == 'training'
  - fsspec ; extra == 'training'
  - pytest-split ; extra == 'test'
  - pytest ; extra == 'test'
  - open-clip-torch[training] ; extra == 'test'
  requires_python: '>=3.9'
- conda: https://conda.anaconda.org/conda-forge/win-64/openssl-3.6.0-h725018a_0.conda
  sha256: 6d72d6f766293d4f2aa60c28c244c8efed6946c430814175f959ffe8cab899b3
  md5: 84f8fb4afd1157f59098f618cd2437e4
  depends:
  - ca-certificates
  - ucrt >=10.0.20348.0
  - vc >=14.3,<15
  - vc14_runtime >=14.44.35208
  license: Apache-2.0
  license_family: Apache
  purls: []
  size: 9440812
  timestamp: 1762841722179
- pypi: https://files.pythonhosted.org/packages/20/12/38679034af332785aac8774540895e234f4d07f7545804097de4b666afd8/packaging-25.0-py3-none-any.whl
  name: packaging
  version: '25.0'
  sha256: 29572ef2b1f17581046b3a2227d5c611fb25ec70ca1ba8554b24b0e69331a484
  requires_python: '>=3.8'
- pypi: https://files.pythonhosted.org/packages/92/c6/c2f2fc7e56301c21827e689bb8b0b465f1b52878b57471a070678c0c33cd/pillow-12.0.0-cp310-cp310-win_amd64.whl
  name: pillow
  version: 12.0.0
  sha256: 455247ac8a4cfb7b9bc45b7e432d10421aea9fc2e74d285ba4072688a74c2e9d
  requires_dist:
  - furo ; extra == 'docs'
  - olefile ; extra == 'docs'
  - sphinx>=8.2 ; extra == 'docs'
  - sphinx-autobuild ; extra == 'docs'
  - sphinx-copybutton ; extra == 'docs'
  - sphinx-inline-tabs ; extra == 'docs'
  - sphinxext-opengraph ; extra == 'docs'
  - olefile ; extra == 'fpx'
  - olefile ; extra == 'mic'
  - arro3-compute ; extra == 'test-arrow'
  - arro3-core ; extra == 'test-arrow'
  - nanoarrow ; extra == 'test-arrow'
  - pyarrow ; extra == 'test-arrow'
  - check-manifest ; extra == 'tests'
  - coverage>=7.4.2 ; extra == 'tests'
  - defusedxml ; extra == 'tests'
  - markdown2 ; extra == 'tests'
  - olefile ; extra == 'tests'
  - packaging ; extra == 'tests'
  - pyroma>=5 ; extra == 'tests'
  - pytest ; extra == 'tests'
  - pytest-cov ; extra == 'tests'
  - pytest-timeout ; extra == 'tests'
  - pytest-xdist ; extra == 'tests'
  - trove-classifiers>=2024.10.12 ; extra == 'tests'
  - defusedxml ; extra == 'xmp'
  requires_python: '>=3.10'
- conda: https://conda.anaconda.org/conda-forge/win-64/python-3.10.19-hc20f281_2_cpython.conda
  build_number: 2
  sha256: 58c3066571c9c8ba62254dfa1cee696d053f9f78cd3a92c8032af58232610c32
  md5: cd78c55405743e88fda2464be3c902b3
  depends:
  - bzip2 >=1.0.8,<2.0a0
  - libexpat >=2.7.1,<3.0a0
  - libffi >=3.4,<4.0a0
  - liblzma >=5.8.1,<6.0a0
  - libsqlite >=3.50.4,<4.0a0
  - libzlib >=1.3.1,<2.0a0
  - openssl >=3.5.4,<4.0a0
  - tk >=8.6.13,<8.7.0a0
  - tzdata
  - ucrt >=10.0.20348.0
  - vc >=14.3,<15
  - vc14_runtime >=14.44.35208
  constrains:
  - python_abi 3.10.* *_cp310
  license: Python-2.0
  purls: []
  size: 16106778
  timestamp: 1761172101787
- pypi: https://files.pythonhosted.org/packages/2a/fa/926c003379b19fca39dd4634818b00dec6c62d87faf628d1394e137354d4/pyyaml-6.0.3-cp310-cp310-win_amd64.whl
  name: pyyaml
  version: 6.0.3
  sha256: bdb2c67c6c1390b63c6ff89f210c8fd09d9a1217a465701eac7316313c915e4c
  requires_python: '>=3.8'
- pypi: https://files.pythonhosted.org/packages/34/9d/e9e8493a85f3b1ddc4a5014465f5c2b78c3ea1cbf238dcfde78956378041/regex-2025.11.3-cp310-cp310-win_amd64.whl
  name: regex
  version: 2025.11.3
  sha256: ee3a83ce492074c35a74cc76cf8235d49e77b757193a5365ff86e3f2f93db9fd
  requires_python: '>=3.9'
- pypi: https://files.pythonhosted.org/packages/5d/e6/ec8471c8072382cb91233ba7267fd931219753bb43814cbc71757bfd4dab/safetensors-0.7.0-cp38-abi3-win_amd64.whl
  name: safetensors
  version: 0.7.0
  sha256: d1239932053f56f3456f32eb9625590cc7582e905021f94636202a864d470755
  requires_dist:
  - numpy>=1.21.6 ; extra == 'numpy'
  - packaging ; extra == 'torch'
  - safetensors[numpy] ; extra == 'torch'
  - torch>=1.10 ; extra == 'torch'
  - safetensors[numpy] ; extra == 'tensorflow'
  - tensorflow>=2.11.0 ; extra == 'tensorflow'
  - safetensors[numpy] ; extra == 'pinned-tf'
  - tensorflow==2.18.0 ; extra == 'pinned-tf'
  - safetensors[numpy] ; extra == 'jax'
  - flax>=0.6.3 ; extra == 'jax'
  - jax>=0.3.25 ; extra == 'jax'
  - jaxlib>=0.3.25 ; extra == 'jax'
  - mlx>=0.0.9 ; extra == 'mlx'
  - safetensors[numpy] ; extra == 'paddlepaddle'
  - paddlepaddle>=2.4.1 ; extra == 'paddlepaddle'
  - ruff ; extra == 'quality'
  - safetensors[numpy] ; extra == 'testing'
  - h5py>=3.7.0 ; extra == 'testing'
  - huggingface-hub>=0.12.1 ; extra == 'testing'
  - setuptools-rust>=1.5.2 ; extra == 'testing'
  - pytest>=7.2.0 ; extra == 'testing'
  - pytest-benchmark>=4.0.0 ; extra == 'testing'
  - hypothesis>=6.70.2 ; extra == 'testing'
  - safetensors[numpy] ; extra == 'testingfree'
  - huggingface-hub>=0.12.1 ; extra == 'testingfree'
  - setuptools-rust>=1.5.2 ; extra == 'testingfree'
  - pytest>=7.2.0 ; extra == 'testingfree'
  - pytest-benchmark>=4.0.0 ; extra == 'testingfree'
  - hypothesis>=6.70.2 ; extra == 'testingfree'
  - safetensors[torch] ; extra == 'all'
  - safetensors[numpy] ; extra == 'all'
  - safetensors[pinned-tf] ; extra == 'all'
  - safetensors[jax] ; extra == 'all'
  - safetensors[paddlepaddle] ; extra == 'all'
  - safetensors[quality] ; extra == 'all'
  - safetensors[testing] ; extra == 'all'
  - safetensors[all] ; extra == 'dev'
  requires_python: '>=3.9'
- pypi: https://files.pythonhosted.org/packages/e0/f9/0595336914c5619e5f28a1fb793285925a8cd4b432c9da0a987836c7f822/shellingham-1.5.4-py2.py3-none-any.whl
  name: shellingham
  version: 1.5.4
  sha256: 7ecfff8f2fd72616f7481040475a65b2bf8af90a56c89140852d1120324e8686
  requires_python: '>=3.7'
- pypi: https://files.pythonhosted.org/packages/a2/09/77d55d46fd61b4a135c444fc97158ef34a095e5681d0a6c10b75bf356191/sympy-1.14.0-py3-none-any.whl
  name: sympy
  version: 1.14.0
  sha256: e091cc3e99d2141a0ba2847328f5479b05d94a6635cb96148ccb3f34671bd8f5
  requires_dist:
  - mpmath>=1.1.0,<1.4
  - pytest>=7.1.0 ; extra == 'dev'
  - hypothesis>=6.70.0 ; extra == 'dev'
  requires_python: '>=3.9'
- pypi: https://files.pythonhosted.org/packages/d6/14/fc04d491527b774ec7479897f5861959209de1480e4c4cd32ed098ff8bea/timm-1.0.22-py3-none-any.whl
  name: timm
  version: 1.0.22
  sha256: 888981753e65cbaacfc07494370138b1700a27b1f0af587f4f9b47bc024161d0
  requires_dist:
  - torch
  - torchvision
  - pyyaml
  - huggingface-hub
  - safetensors
  requires_python: '>=3.8'
- conda: https://conda.anaconda.org/conda-forge/win-64/tk-8.6.13-h2c6b04d_3.conda
  sha256: 4581f4ffb432fefa1ac4f85c5682cc27014bcd66e7beaa0ee330e927a7858790
  md5: 7cb36e506a7dba4817970f8adb6396f9
  depends:
  - ucrt >=10.0.20348.0
  - vc >=14.2,<15
  - vc14_runtime >=14.29.30139
  license: TCL
  license_family: BSD
  purls: []
  size: 3472313
  timestamp: 1763055164278
- pypi: https://files.pythonhosted.org/packages/67/95/a581e8a382596b69385a44bab2733f1273d45c842f5d4a504c0edc3133b6/torch-2.9.1-cp310-cp310-win_amd64.whl
  name: torch
  version: 2.9.1
  sha256: 2af70e3be4a13becba4655d6cc07dcfec7ae844db6ac38d6c1dafeb245d17d65
  requires_dist:
  - filelock
  - typing-extensions>=4.10.0
  - sympy>=1.13.3
  - networkx>=2.5.1
  - jinja2
  - fsspec>=0.8.5
  - setuptools ; python_full_version >= '3.12'
  - nvidia-cuda-nvrtc-cu12==12.8.93 ; platform_machine == 'x86_64' and sys_platform == 'linux'
  - nvidia-cuda-runtime-cu12==12.8.90 ; platform_machine == 'x86_64' and sys_platform == 'linux'
  - nvidia-cuda-cupti-cu12==12.8.90 ; platform_machine == 'x86_64' and sys_platform == 'linux'
  - nvidia-cudnn-cu12==9.10.2.21 ; platform_machine == 'x86_64' and sys_platform == 'linux'
  - nvidia-cublas-cu12==12.8.4.1 ; platform_machine == 'x86_64' and sys_platform == 'linux'
  - nvidia-cufft-cu12==11.3.3.83 ; platform_machine == 'x86_64' and sys_platform == 'linux'
  - nvidia-curand-cu12==10.3.9.90 ; platform_machine == 'x86_64' and sys_platform == 'linux'
  - nvidia-cusolver-cu12==11.7.3.90 ; platform_machine == 'x86_64' and sys_platform == 'linux'
  - nvidia-cusparse-cu12==12.5.8.93 ; platform_machine == 'x86_64' and sys_platform == 'linux'
  - nvidia-cusparselt-cu12==0.7.1 ; platform_machine == 'x86_64' and sys_platform == 'linux'
  - nvidia-nccl-cu12==2.27.5 ; platform_machine == 'x86_64' and sys_platform == 'linux'
  - nvidia-nvshmem-cu12==3.3.20 ; platform_machine == 'x86_64' and sys_platform == 'linux'
  - nvidia-nvtx-cu12==12.8.90 ; platform_machine == 'x86_64' and sys_platform == 'linux'
  - nvidia-nvjitlink-cu12==12.8.93 ; platform_machine == 'x86_64' and sys_platform == 'linux'
  - nvidia-cufile-cu12==1.13.1.3 ; platform_machine == 'x86_64' and sys_platform == 'linux'
  - triton==3.5.1 ; platform_machine == 'x86_64' and sys_platform == 'linux'
  - opt-einsum>=3.3 ; extra == 'opt-einsum'
  - optree>=0.13.0 ; extra == 'optree'
  - pyyaml ; extra == 'pyyaml'
  requires_python: '>=3.10'
- pypi: https://files.pythonhosted.org/packages/d8/cf/0ff4007c09903199307da5f53a192ff5d62b45447069e9ef3a19bdc5ff12/torchvision-0.24.1-cp310-cp310-win_amd64.whl
  name: torchvision
  version: 0.24.1
  sha256: fbdbdae5e540b868a681240b7dbd6473986c862445ee8a138680a6a97d6c34ff
  requires_dist:
  - numpy
  - torch==2.9.1
  - pillow>=5.3.0,!=8.3.*
  - gdown>=4.7.3 ; extra == 'gdown'
  - scipy ; extra == 'scipy'
  requires_python: '>=3.10'
- pypi: https://files.pythonhosted.org/packages/d0/30/dc54f88dd4a2b5dc8a0279bdd7270e735851848b762aeb1c1184ed1f6b14/tqdm-4.67.1-py3-none-any.whl
  name: tqdm
  version: 4.67.1
  sha256: 26445eca388f82e72884e0d580d5464cd801a3ea01e63e5601bdff9ba6a48de2
  requires_dist:
  - colorama ; sys_platform == 'win32'
  - pytest>=6 ; extra == 'dev'
  - pytest-cov ; extra == 'dev'
  - pytest-timeout ; extra == 'dev'
  - pytest-asyncio>=0.24 ; extra == 'dev'
  - nbval ; extra == 'dev'
  - requests ; extra == 'discord'
  - slack-sdk ; extra == 'slack'
  - requests ; extra == 'telegram'
  - ipywidgets>=6 ; extra == 'notebook'
  requires_python: '>=3.7'
- pypi: https://files.pythonhosted.org/packages/5e/dd/5cbf31f402f1cc0ab087c94d4669cfa55bd1e818688b910631e131d74e75/typer_slim-0.20.0-py3-none-any.whl
  name: typer-slim
  version: 0.20.0
  sha256: f42a9b7571a12b97dddf364745d29f12221865acef7a2680065f9bb29c7dc89d
  requires_dist:
  - click>=8.0.0
  - typing-extensions>=3.7.4.3
  - shellingham>=1.3.0 ; extra == 'standard'
  - rich>=10.11.0 ; extra == 'standard'
  requires_python: '>=3.8'
- pypi: https://files.pythonhosted.org/packages/18/67/36e9267722cc04a6b9f15c7f3441c2363321a3ea07da7ae0c0707beb2a9c/typing_extensions-4.15.0-py3-none-any.whl
  name: typing-extensions
  version: 4.15.0
  sha256: f0fa19c6845758ab08074a0cfa8b7aecb71c999ca73d62883bc25cc018c4e548
  requires_python: '>=3.9'
- conda: https://conda.anaconda.org/conda-forge/noarch/tzdata-2025b-h78e105d_0.conda
  sha256: 5aaa366385d716557e365f0a4e9c3fca43ba196872abbbe3d56bb610d131e192
  md5: 4222072737ccff51314b5ece9c7d6f5a
  license: LicenseRef-Public-Domain
  purls: []
  size: 122968
  timestamp: 1742727099393
- conda: https://conda.anaconda.org/conda-forge/win-64/ucrt-10.0.26100.0-h57928b3_0.conda
  sha256: 3005729dce6f3d3f5ec91dfc49fc75a0095f9cd23bab49efb899657297ac91a5
  md5: 71b24316859acd00bdb8b38f5e2ce328
  constrains:
  - vc14_runtime >=14.29.30037
  - vs2015_runtime >=14.29.30037
  license: LicenseRef-MicrosoftWindowsSDK10
  purls: []
  size: 694692
  timestamp: 1756385147981
- conda: https://conda.anaconda.org/conda-forge/win-64/vc-14.3-h2b53caa_32.conda
  sha256: 82250af59af9ff3c6a635dd4c4764c631d854feb334d6747d356d949af44d7cf
  md5: ef02bbe151253a72b8eda264a935db66
  depends:
  - vc14_runtime >=14.42.34433
  track_features:
  - vc14
  license: BSD-3-Clause
  license_family: BSD
  purls: []
  size: 18861
  timestamp: 1760418772353
- conda: https://conda.anaconda.org/conda-forge/win-64/vc14_runtime-14.44.35208-h818238b_32.conda
  sha256: e3a3656b70d1202e0d042811ceb743bd0d9f7e00e2acdf824d231b044ef6c0fd
  md5: 378d5dcec45eaea8d303da6f00447ac0
  depends:
  - ucrt >=10.0.20348.0
  - vcomp14 14.44.35208 h818238b_32
  constrains:
  - vs2015_runtime 14.44.35208.* *_32
  license: LicenseRef-MicrosoftVisualCpp2015-2022Runtime
  license_family: Proprietary
  purls: []
  size: 682706
  timestamp: 1760418629729
- conda: https://conda.anaconda.org/conda-forge/win-64/vcomp14-14.44.35208-h818238b_32.conda
  sha256: f3790c88fbbdc55874f41de81a4237b1b91eab75e05d0e58661518ff04d2a8a1
  md5: 58f67b437acbf2764317ba273d731f1d
  depends:
  - ucrt >=10.0.20348.0
  constrains:
  - vs2015_runtime 14.44.35208.* *_32
  license: LicenseRef-MicrosoftVisualCpp2015-2022Runtime
  license_family: Proprietary
  purls: []
  size: 114846
  timestamp: 1760418593847
- pypi: https://files.pythonhosted.org/packages/af/b5/123f13c975e9f27ab9c0770f514345bd406d0e8d3b7a0723af9d43f710af/wcwidth-0.2.14-py2.py3-none-any.whl
  name: wcwidth
  version: 0.2.14
  sha256: a7bb560c8aee30f9957e5f9895805edd20602f2d7f720186dfd906e82b4982e1
  requires_python: '>=3.6'
